<?xml version="1.0" encoding="utf-8"?>
<Project ToolsVersion="4.0" xmlns="http://schemas.microsoft.com/developer/msbuild/2003">
  <ItemGroup>
    <Filter Include="Source Files">
      <UniqueIdentifier>{4FC737F1-C7A5-4376-A066-2A32D752A2FF}</UniqueIdentifier>
      <Extensions>cpp;c;cc;cxx;def;odl;idl;hpj;bat;asm;asmx</Extensions>
    </Filter>
    <Filter Include="Header Files">
      <UniqueIdentifier>{93995380-89BD-4b04-88EB-625FBE52EBFB}</UniqueIdentifier>
      <Extensions>h;hh;hpp;hxx;hm;inl;inc;xsd</Extensions>
    </Filter>
    <Filter Include="Resource Files">
      <UniqueIdentifier>{67DA6AB6-F800-4c08-8B7A-83BB121AAD01}</UniqueIdentifier>
      <Extensions>rc;ico;cur;bmp;dlg;rc2;rct;bin;rgs;gif;jpg;jpeg;jpe;resx;tiff;tif;png;wav</Extensions>
    </Filter>
    <Filter Include="Header Files\Math">
      <UniqueIdentifier>{a1900f28-dc0c-4eaa-926d-025ee5e5b216}</UniqueIdentifier>
    </Filter>
    <Filter Include="Header Files\Sections">
      <UniqueIdentifier>{705d2905-91c0-4182-9b7f-b5077701ba6a}</UniqueIdentifier>
    </Filter>
  </ItemGroup>
  <ItemGroup>
    <ClCompile Include="src\main.c">
      <Filter>Source Files</Filter>
    </ClCompile>
    <ClCompile Include="src\bmd.c">
      <Filter>Source Files</Filter>
    </ClCompile>
    <ClCompile Include="src\bmt.c">
      <Filter>Source Files</Filter>
    </ClCompile>
    <ClCompile Include="src\mat3.c">
      <Filter>Source Files</Filter>
    </ClCompile>
    <ClCompile Include="src\tex1.c">
      <Filter>Source Files</Filter>
    </ClCompile>
    <ClCompile Include="src\endianio.c">
      <Filter>Source Files</Filter>
    </ClCompile>
    <ClCompile Include="src\tex-json.c">
      <Filter>Source Files</Filter>
    </ClCompile>
    <ClCompile Include="src\mat-json.c">
      <Filter>Source Files</Filter>
    </ClCompile>
  </ItemGroup>
  <ItemGroup>
    <ClInclude Include="include\bmd.h">
      <Filter>Header Files</Filter>
    </ClInclude>
    <ClInclude Include="include\vector.h">
      <Filter>Header Files\Math</Filter>
    </ClInclude>
    <ClInclude Include="include\matrix.h">
      <Filter>Header Files\Math</Filter>
    </ClInclude>
    <ClInclude Include="include\drw1.h">
      <Filter>Header Files\Sections</Filter>
    </ClInclude>
    <ClInclude Include="include\evp1.h">
      <Filter>Header Files\Sections</Filter>
    </ClInclude>
    <ClInclude Include="include\inf1.h">
      <Filter>Header Files\Sections</Filter>
    </ClInclude>
    <ClInclude Include="include\jnt1.h">
      <Filter>Header Files\Sections</Filter>
    </ClInclude>
    <ClInclude Include="include\mat3.h">
      <Filter>Header Files\Sections</Filter>
    </ClInclude>
    <ClInclude Include="include\mdl3.h">
      <Filter>Header Files\Sections</Filter>
    </ClInclude>
    <ClInclude Include="include\shp1.h">
      <Filter>Header Files\Sections</Filter>
    </ClInclude>
    <ClInclude Include="include\tex1.h">
      <Filter>Header Files\Sections</Filter>
    </ClInclude>
    <ClInclude Include="include\vtx1.h">
      <Filter>Header Files\Sections</Filter>
    </ClInclude>
    <ClInclude Include="include\bmt.h">
      <Filter>Header Files</Filter>
    </ClInclude>
    <ClInclude Include="include\endianio.h">
      <Filter>Header Files</Filter>
    </ClInclude>
    <ClInclude Include="include\tex-json.h">
      <Filter>Header Files</Filter>
    </ClInclude>
    <ClInclude Include="include\mat-json.h">
      <Filter>Header Files</Filter>
    </ClInclude>
    <ClInclude Include="include\superbdl.h">
      <Filter>Header Files</Filter>
    </ClInclude>
  </ItemGroup>
</Project>